# This file is generated by running "yarn install" inside your project.
# Manual changes might be lost - proceed with caution!

__metadata:
  version: 6
  cacheKey: 8

"@lit/reactive-element@npm:^1.3.0":
  version: 1.3.4
  resolution: "@lit/reactive-element@npm:1.3.4"
  checksum: 07b66517d83cbc22082d996c2eff2246e4c1e763b5ede91ef23059dedbe2d2c8649537af468ff06f7d5d153c0ae3c24ed6a55f044a2af80613f70d7fbef02097
  languageName: node
  linkType: hard

"@types/trusted-types@npm:^2.0.2":
  version: 2.0.2
  resolution: "@types/trusted-types@npm:2.0.2"
  checksum: 3371eef5f1c50e1c3c07a127c1207b262ba65b83dd167a1c460fc1b135a3fb0c97b9f508efebd383f239cc5dd5b7169093686a692a501fde9c3f7208657d9b0d
  languageName: node
  linkType: hard

"doqumentation@workspace:_sqeleton/_documentation":
  version: 0.0.0-use.local
  resolution: "doqumentation@workspace:_sqeleton/_documentation"
  dependencies:
    lit: ^2.2.8
    typescript: ^4.7.4
  languageName: unknown
  linkType: soft

"dq.template.projectsqeleton@workspace:.":
  version: 0.0.0-use.local
  resolution: "dq.template.projectsqeleton@workspace:."
  dependencies:
    lit: ^2.2.8
    typescript: ^4.7.4
  languageName: unknown
  linkType: soft

"lit-element@npm:^3.2.0":
  version: 3.2.2
  resolution: "lit-element@npm:3.2.2"
  dependencies:
    "@lit/reactive-element": ^1.3.0
    lit-html: ^2.2.0
  checksum: e1df57c02ad5ae4c42b49a5066b3b623bccf7fa6610bbc3f65bc22cbbe1546ecd6a7f717b1f01863929262f416c4b8b7a39ff166114215f93cc22f4e5b3825c3
  languageName: node
  linkType: hard

"lit-html@npm:^2.2.0":
  version: 2.2.7
  resolution: "lit-html@npm:2.2.7"
  dependencies:
    "@types/trusted-types": ^2.0.2
  checksum: 77e3dda068a93de06251d5147b5f67df07902202e397f5f504ad99fb3b5ef7201668af294484fd99850618453251e5d7cfd4ea7e7355a79b4c1d9f4b432f204a
  languageName: node
  linkType: hard

"lit@npm:^2.2.8":
  version: 2.2.8
  resolution: "lit@npm:2.2.8"
  dependencies:
    "@lit/reactive-element": ^1.3.0
    lit-element: ^3.2.0
    lit-html: ^2.2.0
  checksum: 44c82cf24601a73a0cd29edbc995aab8944bedf8a2e33bb465878684590720a2043b0a5c55d23186c04d6415000c32d6e346ea286928b0820bd886ecbd5e21a1
  languageName: node
  linkType: hard

"styleguide@workspace:_sqeleton/_documentation/styleguide":
  version: 0.0.0-use.local
  resolution: "styleguide@workspace:_sqeleton/_documentation/styleguide"
  dependencies:
    lit: ^2.2.8
    typescript: ^4.7.4
  languageName: unknown
  linkType: soft

"typescript@npm:^4.7.4":
  version: 4.7.4
  resolution: "typescript@npm:4.7.4"
  bin:
    tsc: bin/tsc
    tsserver: bin/tsserver
  checksum: 5750181b1cd7e6482c4195825547e70f944114fb47e58e4aa7553e62f11b3f3173766aef9c281783edfd881f7b8299cf35e3ca8caebe73d8464528c907a164df
  languageName: node
  linkType: hard

"typescript@patch:typescript@^4.7.4#~builtin<compat/typescript>":
  version: 4.7.4
  resolution: "typescript@patch:typescript@npm%3A4.7.4#~builtin<compat/typescript>::version=4.7.4&hash=f456af"
  bin:
    tsc: bin/tsc
    tsserver: bin/tsserver
  checksum: 9096d8f6c16cb80ef3bf96fcbbd055bf1c4a43bd14f3b7be45a9fbe7ada46ec977f604d5feed3263b4f2aa7d4c7477ce5f9cd87de0d6feedec69a983f3a4f93e
  languageName: node
  linkType: hard
